{
  "version": 2,
  "dependencies": {
    "net8.0-windows7.0": {
      "Microsoft.Data.Sqlite": {
        "type": "Direct",
        "requested": "[8.0.8, )",
        "resolved": "8.0.8",
        "contentHash": "VNixqRa04MkHpxcjiTMFMHhGzLhkA/gy9sGwZtMgQqh+n5kpQXcp2ZWcOqh0Eqk0GzW3Td5yB9lK4n/UReFFFA==",
        "dependencies": {
          "Microsoft.Data.Sqlite.Core": "8.0.8",
          "SQLitePCLRaw.bundle_e_sqlite3": "2.1.6"
        }
      },
      "Microsoft.Data.Sqlite.Core": {
        "type": "Transitive",
        "resolved": "8.0.8",
        "contentHash": "lUg+100nzjDZJr8SFWbC/mtsUfbCclXP+Fv6tAG1uZyAFlxL+vbSJ+Sxy2oILWK9/hQTgPQD8yjmdYNM8F4CSA==",
        "dependencies": {
          "SQLitePCLRaw.core": "2.1.6"
        }
      },
      "Newtonsoft.Json": {
        "type": "Direct",
        "requested": "[13.0.3, )",
        "resolved": "13.0.3",
        "contentHash": "HrC5BXdl00IP9zeV+0Z848QWPAoCr9P3bDEZguI+gkLcBKAOxix/tLEAAHC+UvDNPv4a2d18lOReHMOagPa+zQ=="
      },
      "SQLitePCLRaw.bundle_e_sqlite3": {
        "type": "Transitive",
        "resolved": "2.1.6",
        "contentHash": "aRaQRN70jpQ6rGJNg75yrgmwRrf0usHvzSrrvgL6mEeti8UwOwWDSzmIDAXjPOZKUaNPWIehO7w1dh1yzghrrw==",
        "dependencies": {
          "SQLitePCLRaw.lib.e_sqlite3": "2.1.6",
          "SQLitePCLRaw.provider.e_sqlite3": "2.1.6"
        }
      },
      "SQLitePCLRaw.core": {
        "type": "Transitive",
        "resolved": "2.1.6",
        "contentHash": "Frw5zVMl3qN+FWT8Moo1lm1tggh4KQ2UXcV0lrcW1JNbU0KFmJrzL6e9Je+aiseVtj5qGQRNP4ShBNZDMZRzvg==",
        "dependencies": {
          "System.Memory": "4.5.3"
        }
      },
      "SQLitePCLRaw.lib.e_sqlite3": {
        "type": "Transitive",
        "resolved": "2.1.6",
        "contentHash": "aVQ/ysavZSC2OO0Axfj43Fl0c3Y4LFYcqCkEeAIUs+dcxCkxBsSj9vZxtz1ZEZWADESvotTcUzqCV7AP33fWYw=="
      },
      "SQLitePCLRaw.provider.e_sqlite3": {
        "type": "Transitive",
        "resolved": "2.1.6",
        "contentHash": "UnzsdPLr7/I4s7sfiYY3V2ZZU3qm8sWkOEscGwlMt3K/6G8FwToQICR71z/th1nAv1aKHABZwdh7u+0tsQGHAQ==",
        "dependencies": {
          "SQLitePCLRaw.core": "2.1.6"
        }
      },
      "System.Memory": {
        "type": "Transitive",
        "resolved": "4.5.3",
        "contentHash": "cPzhWlLMdqrLrgXI6J4uOY0dMpA/Y/ZAp91KPldH8seoh9S/0i8qLkAnSQbPkWSN/RaXNPt8dOubT3JhQITh2w=="
      },
      "vincere.autoexport.contracts": {
        "type": "Project",
        "dependencies": {
          "Newtonsoft.Json": "[13.0.3, )"
        }
      }
    },
    "net8.0-windows7.0/win-x64": {}
  }
}
